
Microsoft Visual Studio Solution File, Format Version 12.00
# Visual Studio Version 17
VisualStudioVersion = 17.8.34511.84
MinimumVisualStudioVersion = 10.0.40219.1
Project("{9A19103F-16F7-4668-BE54-9A1E7A4F7556}") = "Infrastructure.Data.BlobStorage", "Infrastructure.Data.BlobStorage\Infrastructure.Data.BlobStorage.csproj", "{8D821E91-5B4F-4FFD-8580-F88E100FDC2D}"
EndProject
Project("{9A19103F-16F7-4668-BE54-9A1E7A4F7556}") = "Infrastructure.Data.BlobStorage.Tests", "Infrastructure.Data.BlobStorage.Tests\Infrastructure.Data.BlobStorage.Tests.csproj", "{762A449B-450E-4F75-A17F-0D475066E819}"
EndProject
Global
	GlobalSection(SolutionConfigurationPlatforms) = preSolution
		Debug|Any CPU = Debug|Any CPU
		Release|Any CPU = Release|Any CPU
	EndGlobalSection
	GlobalSection(ProjectConfigurationPlatforms) = postSolution
		{8D821E91-5B4F-4FFD-8580-F88E100FDC2D}.Debug|Any CPU.ActiveCfg = Debug|Any CPU
		{8D821E91-5B4F-4FFD-8580-F88E100FDC2D}.Debug|Any CPU.Build.0 = Debug|Any CPU
		{8D821E91-5B4F-4FFD-8580-F88E100FDC2D}.Release|Any CPU.ActiveCfg = Release|Any CPU
		{8D821E91-5B4F-4FFD-8580-F88E100FDC2D}.Release|Any CPU.Build.0 = Release|Any CPU
		{762A449B-450E-4F75-A17F-0D475066E819}.Debug|Any CPU.ActiveCfg = Debug|Any CPU
		{762A449B-450E-4F75-A17F-0D475066E819}.Debug|Any CPU.Build.0 = Debug|Any CPU
		{762A449B-450E-4F75-A17F-0D475066E819}.Release|Any CPU.ActiveCfg = Release|Any CPU
		{762A449B-450E-4F75-A17F-0D475066E819}.Release|Any CPU.Build.0 = Release|Any CPU
	EndGlobalSection
	GlobalSection(SolutionProperties) = preSolution
		HideSolutionNode = FALSE
	EndGlobalSection
	GlobalSection(ExtensibilityGlobals) = postSolution
		SolutionGuid = {0217C287-3335-4FEB-A08B-6323C7938A56}
	EndGlobalSection
EndGlobal
